{
  "nodes": {
    "checkmate-modules": {
      "flake": false,
      "locked": {
        "dir": "modules/checkmate",
        "lastModified": 1763687073,
        "narHash": "sha256-SaP08ABfJY3wIUdJw5/XkAbbz3Jw+Bmj8FtJJqktI2k=",
        "owner": "vic",
        "repo": "checkmate",
        "rev": "3cb30f412d96c7fec12dcd1c965f532d844743bf",
        "type": "github"
      },
      "original": {
        "dir": "modules/checkmate",
        "owner": "vic",
        "repo": "checkmate",
        "type": "github"
      }
    },
    "den": {
      "locked": {
        "lastModified": 1763683549,
        "narHash": "sha256-4RFihudu6lyfJh7fGZ7VwtrFC8rIguePbRVuOA8xLOs=",
        "owner": "vic",
        "repo": "den",
        "rev": "61ce6a5ecfabf1ef67fad45f4da59b0355eb43c0",
        "type": "github"
      },
      "original": {
        "owner": "vic",
        "repo": "den",
        "type": "github"
      }
    },
    "flake-aspects": {
      "locked": {
        "lastModified": 1763685186,
        "narHash": "sha256-q/5od9d1N6oErILS4CkShhUuO/ncifsqmNaSoWZTLQ4=",
        "owner": "vic",
        "repo": "flake-aspects",
        "rev": "9efdc39329e43289925636c50d5a909527aad347",
        "type": "github"
      },
      "original": {
        "owner": "vic",
        "repo": "flake-aspects",
        "type": "github"
      }
    },
    "flake-file": {
      "locked": {
        "lastModified": 1763673987,
        "narHash": "sha256-BrRq6F321rwBPEC9yU2ZSV6At2TQ/0l/j9QrnXXAVWI=",
        "owner": "vic",
        "repo": "flake-file",
        "rev": "fc92a095cd57b5d971a9d30fd24490101e588c28",
        "type": "github"
      },
      "original": {
        "owner": "vic",
        "repo": "flake-file",
        "type": "github"
      }
    },
    "flake-parts": {
      "inputs": {
        "nixpkgs-lib": [
          "nixpkgs-lib"
        ]
      },
      "locked": {
        "lastModified": 1762980239,
        "narHash": "sha256-8oNVE8TrD19ulHinjaqONf9QWCKK+w4url56cdStMpM=",
        "owner": "hercules-ci",
        "repo": "flake-parts",
        "rev": "52a2caecc898d0b46b2b905f058ccc5081f842da",
        "type": "github"
      },
      "original": {
        "owner": "hercules-ci",
        "repo": "flake-parts",
        "type": "github"
      }
    },
    "import-tree": {
      "locked": {
        "lastModified": 1763673815,
        "narHash": "sha256-vlkLsqaTqSVuIKA9xLPGmemXNekU3OVhpXs5HF1Nv14=",
        "owner": "vic",
        "repo": "import-tree",
        "rev": "6cef16391ec216f50847a5923100ee5ebc709c00",
        "type": "github"
      },
      "original": {
        "owner": "vic",
        "repo": "import-tree",
        "type": "github"
      }
    },
    "nixpkgs": {
      "locked": {
        "lastModified": 1763618868,
        "narHash": "sha256-v5afmLjn/uyD9EQuPBn7nZuaZVV9r+JerayK/4wvdWA=",
        "owner": "nixos",
        "repo": "nixpkgs",
        "rev": "a8d610af3f1a5fb71e23e08434d8d61a466fc942",
        "type": "github"
      },
      "original": {
        "owner": "nixos",
        "ref": "nixpkgs-unstable",
        "repo": "nixpkgs",
        "type": "github"
      }
    },
    "root": {
      "inputs": {
        "checkmate-modules": "checkmate-modules",
        "den": "den",
        "flake-aspects": "flake-aspects",
        "flake-file": "flake-file",
        "flake-parts": "flake-parts",
        "import-tree": "import-tree",
        "nixpkgs": "nixpkgs",
        "nixpkgs-lib": [
          "nixpkgs"
        ],
        "systems": "systems",
        "target": "target"
      }
    },
    "systems": {
      "locked": {
        "lastModified": 1681028828,
        "narHash": "sha256-Vy1rq5AaRuLzOxct8nz4T6wlgyUR7zLU309k9mBC768=",
        "owner": "nix-systems",
        "repo": "default",
        "rev": "da67096a3b9bf56a91d16901293e51ba5b49a27e",
        "type": "github"
      },
      "original": {
        "owner": "nix-systems",
        "repo": "default",
        "type": "github"
      }
    },
    "target": {
      "locked": {
        "path": "..",
        "type": "path"
      },
      "original": {
        "path": "..",
        "type": "path"
      },
      "parent": []
    }
  },
  "root": "root",
  "version": 7
}
