{
  "nodes": {
    "checkmate": {
      "inputs": {
        "checkmate": "checkmate_2",
        "den": [
          "den"
        ],
        "flake-aspects": [
          "flake-aspects"
        ],
        "flake-file": [
          "flake-file"
        ],
        "flake-parts": [
          "flake-parts"
        ],
        "import-tree": [
          "import-tree"
        ],
        "nix-unit": [
          "nix-unit"
        ],
        "nixpkgs": [
          "nixpkgs"
        ],
        "nixpkgs-lib": [
          "nixpkgs"
        ],
        "systems": [
          "systems"
        ],
        "target": [
          "target"
        ],
        "treefmt-nix": [
          "treefmt-nix"
        ]
      },
      "locked": {
        "lastModified": 1763694353,
        "narHash": "sha256-W5U42yzaKukUDDggnq1gaVo8dATcuDoj5kVt7cqFD6E=",
        "owner": "vic",
        "repo": "checkmate",
        "rev": "f2bbf487cb5e730f357faef65ecb73fa12a568b5",
        "type": "github"
      },
      "original": {
        "owner": "vic",
        "repo": "checkmate",
        "type": "github"
      }
    },
    "checkmate_2": {
      "inputs": {
        "checkmate": "checkmate_3",
        "den": [
          "checkmate",
          "den"
        ],
        "flake-aspects": [
          "checkmate",
          "flake-aspects"
        ],
        "flake-file": [
          "checkmate",
          "flake-file"
        ],
        "flake-parts": [
          "checkmate",
          "flake-parts"
        ],
        "import-tree": [
          "checkmate",
          "import-tree"
        ],
        "nix-unit": [
          "checkmate",
          "nix-unit"
        ],
        "nixpkgs": [
          "checkmate",
          "nixpkgs"
        ],
        "nixpkgs-lib": [
          "checkmate",
          "nixpkgs"
        ],
        "systems": [
          "checkmate",
          "systems"
        ],
        "target": [
          "checkmate",
          "target"
        ],
        "treefmt-nix": [
          "checkmate",
          "treefmt-nix"
        ]
      },
      "locked": {
        "lastModified": 1763693729,
        "narHash": "sha256-AWXVFz1VVHJXEFrAaiMO52o495Zkg4fgSNliXjO5odQ=",
        "owner": "vic",
        "repo": "checkmate",
        "rev": "b196737de43e57d96652aaf4cb4ad94569f8fea0",
        "type": "github"
      },
      "original": {
        "owner": "vic",
        "repo": "checkmate",
        "type": "github"
      }
    },
    "checkmate_3": {
      "inputs": {
        "den": [
          "checkmate",
          "checkmate",
          "den"
        ],
        "flake-aspects": [
          "checkmate",
          "checkmate",
          "flake-aspects"
        ],
        "flake-file": [
          "checkmate",
          "checkmate",
          "flake-file"
        ],
        "flake-parts": [
          "checkmate",
          "checkmate",
          "flake-parts"
        ],
        "import-tree": [
          "checkmate",
          "checkmate",
          "import-tree"
        ],
        "nix-unit": [
          "checkmate",
          "checkmate",
          "nix-unit"
        ],
        "nixpkgs": [
          "checkmate",
          "checkmate",
          "nixpkgs"
        ],
        "nixpkgs-lib": [
          "checkmate",
          "checkmate",
          "nixpkgs"
        ],
        "systems": [
          "checkmate",
          "checkmate",
          "systems"
        ],
        "target": [
          "checkmate",
          "checkmate",
          "target"
        ],
        "treefmt-nix": [
          "checkmate",
          "checkmate",
          "treefmt-nix"
        ]
      },
      "locked": {
        "lastModified": 1763688964,
        "narHash": "sha256-xJ3g37BgPgIKNrUT9wo/QCDXpo5P/KZA3wjT9ETmc8o=",
        "owner": "vic",
        "repo": "checkmate",
        "rev": "7add32917422eb14bf09560f9686d19232745ae1",
        "type": "github"
      },
      "original": {
        "owner": "vic",
        "repo": "checkmate",
        "type": "github"
      }
    },
    "den": {
      "locked": {
        "lastModified": 1763683549,
        "narHash": "sha256-4RFihudu6lyfJh7fGZ7VwtrFC8rIguePbRVuOA8xLOs=",
        "owner": "vic",
        "repo": "den",
        "rev": "61ce6a5ecfabf1ef67fad45f4da59b0355eb43c0",
        "type": "github"
      },
      "original": {
        "owner": "vic",
        "repo": "den",
        "type": "github"
      }
    },
    "flake-aspects": {
      "locked": {
        "lastModified": 1763685186,
        "narHash": "sha256-q/5od9d1N6oErILS4CkShhUuO/ncifsqmNaSoWZTLQ4=",
        "owner": "vic",
        "repo": "flake-aspects",
        "rev": "9efdc39329e43289925636c50d5a909527aad347",
        "type": "github"
      },
      "original": {
        "owner": "vic",
        "repo": "flake-aspects",
        "type": "github"
      }
    },
    "flake-file": {
      "locked": {
        "lastModified": 1763673987,
        "narHash": "sha256-BrRq6F321rwBPEC9yU2ZSV6At2TQ/0l/j9QrnXXAVWI=",
        "owner": "vic",
        "repo": "flake-file",
        "rev": "fc92a095cd57b5d971a9d30fd24490101e588c28",
        "type": "github"
      },
      "original": {
        "owner": "vic",
        "repo": "flake-file",
        "type": "github"
      }
    },
    "flake-parts": {
      "inputs": {
        "nixpkgs-lib": [
          "nixpkgs-lib"
        ]
      },
      "locked": {
        "lastModified": 1762980239,
        "narHash": "sha256-8oNVE8TrD19ulHinjaqONf9QWCKK+w4url56cdStMpM=",
        "owner": "hercules-ci",
        "repo": "flake-parts",
        "rev": "52a2caecc898d0b46b2b905f058ccc5081f842da",
        "type": "github"
      },
      "original": {
        "owner": "hercules-ci",
        "repo": "flake-parts",
        "type": "github"
      }
    },
    "import-tree": {
      "locked": {
        "lastModified": 1763673815,
        "narHash": "sha256-vlkLsqaTqSVuIKA9xLPGmemXNekU3OVhpXs5HF1Nv14=",
        "owner": "vic",
        "repo": "import-tree",
        "rev": "6cef16391ec216f50847a5923100ee5ebc709c00",
        "type": "github"
      },
      "original": {
        "owner": "vic",
        "repo": "import-tree",
        "type": "github"
      }
    },
    "nix-github-actions": {
      "inputs": {
        "nixpkgs": [
          "nix-unit",
          "nixpkgs"
        ]
      },
      "locked": {
        "lastModified": 1737420293,
        "narHash": "sha256-F1G5ifvqTpJq7fdkT34e/Jy9VCyzd5XfJ9TO8fHhJWE=",
        "owner": "nix-community",
        "repo": "nix-github-actions",
        "rev": "f4158fa080ef4503c8f4c820967d946c2af31ec9",
        "type": "github"
      },
      "original": {
        "owner": "nix-community",
        "repo": "nix-github-actions",
        "type": "github"
      }
    },
    "nix-unit": {
      "inputs": {
        "flake-parts": [
          "flake-parts"
        ],
        "nix-github-actions": "nix-github-actions",
        "nixpkgs": [
          "nixpkgs"
        ],
        "treefmt-nix": "treefmt-nix"
      },
      "locked": {
        "lastModified": 1762774186,
        "narHash": "sha256-hRADkHjNt41+JUHw2EiSkMaL4owL83g5ZppjYUdF/Dc=",
        "owner": "nix-community",
        "repo": "nix-unit",
        "rev": "1c9ab50554eed0b768f9e5b6f646d63c9673f0f7",
        "type": "github"
      },
      "original": {
        "owner": "nix-community",
        "repo": "nix-unit",
        "type": "github"
      }
    },
    "nixpkgs": {
      "locked": {
        "lastModified": 1763618868,
        "narHash": "sha256-v5afmLjn/uyD9EQuPBn7nZuaZVV9r+JerayK/4wvdWA=",
        "owner": "nixos",
        "repo": "nixpkgs",
        "rev": "a8d610af3f1a5fb71e23e08434d8d61a466fc942",
        "type": "github"
      },
      "original": {
        "owner": "nixos",
        "ref": "nixpkgs-unstable",
        "repo": "nixpkgs",
        "type": "github"
      }
    },
    "root": {
      "inputs": {
        "checkmate": "checkmate",
        "den": "den",
        "flake-aspects": "flake-aspects",
        "flake-file": "flake-file",
        "flake-parts": "flake-parts",
        "import-tree": "import-tree",
        "nix-unit": "nix-unit",
        "nixpkgs": "nixpkgs",
        "nixpkgs-lib": [
          "nixpkgs"
        ],
        "systems": "systems",
        "target": "target",
        "treefmt-nix": "treefmt-nix_2"
      }
    },
    "systems": {
      "locked": {
        "lastModified": 1681028828,
        "narHash": "sha256-Vy1rq5AaRuLzOxct8nz4T6wlgyUR7zLU309k9mBC768=",
        "owner": "nix-systems",
        "repo": "default",
        "rev": "da67096a3b9bf56a91d16901293e51ba5b49a27e",
        "type": "github"
      },
      "original": {
        "owner": "nix-systems",
        "repo": "default",
        "type": "github"
      }
    },
    "target": {
      "locked": {
        "dir": "templates/dendritic",
        "lastModified": 1763694353,
        "narHash": "sha256-W5U42yzaKukUDDggnq1gaVo8dATcuDoj5kVt7cqFD6E=",
        "owner": "vic",
        "repo": "checkmate",
        "rev": "f2bbf487cb5e730f357faef65ecb73fa12a568b5",
        "type": "github"
      },
      "original": {
        "dir": "templates/dendritic",
        "owner": "vic",
        "repo": "checkmate",
        "type": "github"
      }
    },
    "treefmt-nix": {
      "inputs": {
        "nixpkgs": [
          "nix-unit",
          "nixpkgs"
        ]
      },
      "locked": {
        "lastModified": 1762410071,
        "narHash": "sha256-aF5fvoZeoXNPxT0bejFUBXeUjXfHLSL7g+mjR/p5TEg=",
        "owner": "numtide",
        "repo": "treefmt-nix",
        "rev": "97a30861b13c3731a84e09405414398fbf3e109f",
        "type": "github"
      },
      "original": {
        "owner": "numtide",
        "repo": "treefmt-nix",
        "type": "github"
      }
    },
    "treefmt-nix_2": {
      "inputs": {
        "nixpkgs": [
          "nixpkgs"
        ]
      },
      "locked": {
        "lastModified": 1762938485,
        "narHash": "sha256-AlEObg0syDl+Spi4LsZIBrjw+snSVU4T8MOeuZJUJjM=",
        "owner": "numtide",
        "repo": "treefmt-nix",
        "rev": "5b4ee75aeefd1e2d5a1cc43cf6ba65eba75e83e4",
        "type": "github"
      },
      "original": {
        "owner": "numtide",
        "repo": "treefmt-nix",
        "type": "github"
      }
    }
  },
  "root": "root",
  "version": 7
}
